
Microsoft Visual Studio Solution File, Format Version 12.00
# Visual Studio Version 16
VisualStudioVersion = 16.0.28803.156
MinimumVisualStudioVersion = 10.0.40219.1
Project("{FAE04EC0-301F-11D3-BF4B-00C04F79EFBC}") = "Application2.2", "Application2.2\Application2.2.csproj", "{FCDD6242-4E6A-4940-BADB-92B55960A5E6}"
EndProject
Global
	GlobalSection(SolutionConfigurationPlatforms) = preSolution
		Debug|Any CPU = Debug|Any CPU
		Release|Any CPU = Release|Any CPU
	EndGlobalSection
	GlobalSection(ProjectConfigurationPlatforms) = postSolution
		{FCDD6242-4E6A-4940-BADB-92B55960A5E6}.Debug|Any CPU.ActiveCfg = Debug|Any CPU
		{FCDD6242-4E6A-4940-BADB-92B55960A5E6}.Debug|Any CPU.Build.0 = Debug|Any CPU
		{FCDD6242-4E6A-4940-BADB-92B55960A5E6}.Release|Any CPU.ActiveCfg = Release|Any CPU
		{FCDD6242-4E6A-4940-BADB-92B55960A5E6}.Release|Any CPU.Build.0 = Release|Any CPU
	EndGlobalSection
	GlobalSection(SolutionProperties) = preSolution
		HideSolutionNode = FALSE
	EndGlobalSection
	GlobalSection(ExtensibilityGlobals) = postSolution
		SolutionGuid = {5A460107-726F-4F64-941A-48B3F8802F0F}
	EndGlobalSection
EndGlobal
